// !$*UTF8*$!
{
	archiveVersion = 1;
	classes = {
	};
	objectVersion = 56;
	objects = {

/* Begin PBXBuildFile section */
		7D53A64C2B933F8100A7C74A /* NoteView.swift in Sources */ = {isa = PBXBuildFile; fileRef = 7D53A64B2B933F8100A7C74A /* NoteView.swift */; };
		7D53A6512B93F6ED00A7C74A /* ViewModel.swift in Sources */ = {isa = PBXBuildFile; fileRef = 7D53A6502B93F6ED00A7C74A /* ViewModel.swift */; };
		7D53A6552B967ACE00A7C74A /* TextEditor.swift in Sources */ = {isa = PBXBuildFile; fileRef = 7D53A6542B967ACE00A7C74A /* TextEditor.swift */; };
		7D53A6572B96A3FA00A7C74A /* RealmWorker.swift in Sources */ = {isa = PBXBuildFile; fileRef = 7D53A6562B96A3FA00A7C74A /* RealmWorker.swift */; };
		7D53A65A2B96A52400A7C74A /* Realm in Frameworks */ = {isa = PBXBuildFile; productRef = 7D53A6592B96A52400A7C74A /* Realm */; };
		7D53A65C2B96A52400A7C74A /* RealmSwift in Frameworks */ = {isa = PBXBuildFile; productRef = 7D53A65B2B96A52400A7C74A /* RealmSwift */; };
		7DE94B6A2B87591A00C53219 /* NotesApp.swift in Sources */ = {isa = PBXBuildFile; fileRef = 7DE94B692B87591A00C53219 /* NotesApp.swift */; };
		7DE94B6C2B87591A00C53219 /* MainScreen.swift in Sources */ = {isa = PBXBuildFile; fileRef = 7DE94B6B2B87591A00C53219 /* MainScreen.swift */; };
		7DE94B6E2B87591E00C53219 /* Assets.xcassets in Resources */ = {isa = PBXBuildFile; fileRef = 7DE94B6D2B87591E00C53219 /* Assets.xcassets */; };
		7DE94B712B87591E00C53219 /* Preview Assets.xcassets in Resources */ = {isa = PBXBuildFile; fileRef = 7DE94B702B87591E00C53219 /* Preview Assets.xcassets */; };
		7DE94B792B875A5200C53219 /* NoteModel.swift in Sources */ = {isa = PBXBuildFile; fileRef = 7DE94B782B875A5200C53219 /* NoteModel.swift */; };
		7DE94B7C2B875B1800C53219 /* TitleCell.swift in Sources */ = {isa = PBXBuildFile; fileRef = 7DE94B7B2B875B1800C53219 /* TitleCell.swift */; };
/* End PBXBuildFile section */

/* Begin PBXFileReference section */
		7D53A64B2B933F8100A7C74A /* NoteView.swift */ = {isa = PBXFileReference; lastKnownFileType = sourcecode.swift; path = NoteView.swift; sourceTree = "<group>"; };
		7D53A6502B93F6ED00A7C74A /* ViewModel.swift */ = {isa = PBXFileReference; lastKnownFileType = sourcecode.swift; path = ViewModel.swift; sourceTree = "<group>"; };
		7D53A6542B967ACE00A7C74A /* TextEditor.swift */ = {isa = PBXFileReference; lastKnownFileType = sourcecode.swift; path = TextEditor.swift; sourceTree = "<group>"; };
		7D53A6562B96A3FA00A7C74A /* RealmWorker.swift */ = {isa = PBXFileReference; lastKnownFileType = sourcecode.swift; path = RealmWorker.swift; sourceTree = "<group>"; };
		7DE94B662B87591A00C53219 /* Notes.app */ = {isa = PBXFileReference; explicitFileType = wrapper.application; includeInIndex = 0; path = Notes.app; sourceTree = BUILT_PRODUCTS_DIR; };
		7DE94B692B87591A00C53219 /* NotesApp.swift */ = {isa = PBXFileReference; lastKnownFileType = sourcecode.swift; path = NotesApp.swift; sourceTree = "<group>"; };
		7DE94B6B2B87591A00C53219 /* MainScreen.swift */ = {isa = PBXFileReference; lastKnownFileType = sourcecode.swift; path = MainScreen.swift; sourceTree = "<group>"; };
		7DE94B6D2B87591E00C53219 /* Assets.xcassets */ = {isa = PBXFileReference; lastKnownFileType = folder.assetcatalog; path = Assets.xcassets; sourceTree = "<group>"; };
		7DE94B702B87591E00C53219 /* Preview Assets.xcassets */ = {isa = PBXFileReference; lastKnownFileType = folder.assetcatalog; path = "Preview Assets.xcassets"; sourceTree = "<group>"; };
		7DE94B782B875A5200C53219 /* NoteModel.swift */ = {isa = PBXFileReference; lastKnownFileType = sourcecode.swift; path = NoteModel.swift; sourceTree = "<group>"; };
		7DE94B7B2B875B1800C53219 /* TitleCell.swift */ = {isa = PBXFileReference; lastKnownFileType = sourcecode.swift; path = TitleCell.swift; sourceTree = "<group>"; };
/* End PBXFileReference section */

/* Begin PBXFrameworksBuildPhase section */
		7DE94B632B87591A00C53219 /* Frameworks */ = {
			isa = PBXFrameworksBuildPhase;
			buildActionMask = 2147483647;
			files = (
				7D53A65C2B96A52400A7C74A /* RealmSwift in Frameworks */,
				7D53A65A2B96A52400A7C74A /* Realm in Frameworks */,
			);
			runOnlyForDeploymentPostprocessing = 0;
		};
/* End PBXFrameworksBuildPhase section */

/* Begin PBXGroup section */
		7D53A64A2B933F6700A7C74A /* Views */ = {
			isa = PBXGroup;
			children = (
				7D53A6522B967AA100A7C74A /* CustomViews */,
				7DE94B6B2B87591A00C53219 /* MainScreen.swift */,
				7D53A64B2B933F8100A7C74A /* NoteView.swift */,
			);
			path = Views;
			sourceTree = "<group>";
		};
		7D53A64D2B93F0E500A7C74A /* Services */ = {
			isa = PBXGroup;
			children = (
				7D53A6502B93F6ED00A7C74A /* ViewModel.swift */,
				7D53A6562B96A3FA00A7C74A /* RealmWorker.swift */,
			);
			path = Services;
			sourceTree = "<group>";
		};
		7D53A6522B967AA100A7C74A /* CustomViews */ = {
			isa = PBXGroup;
			children = (
				7D53A6542B967ACE00A7C74A /* TextEditor.swift */,
			);
			path = CustomViews;
			sourceTree = "<group>";
		};
		7DE94B5D2B87591A00C53219 = {
			isa = PBXGroup;
			children = (
				7DE94B682B87591A00C53219 /* Notes */,
				7DE94B672B87591A00C53219 /* Products */,
			);
			sourceTree = "<group>";
		};
		7DE94B672B87591A00C53219 /* Products */ = {
			isa = PBXGroup;
			children = (
				7DE94B662B87591A00C53219 /* Notes.app */,
			);
			name = Products;
			sourceTree = "<group>";
		};
		7DE94B682B87591A00C53219 /* Notes */ = {
			isa = PBXGroup;
			children = (
				7D53A64D2B93F0E500A7C74A /* Services */,
				7D53A64A2B933F6700A7C74A /* Views */,
				7DE94B692B87591A00C53219 /* NotesApp.swift */,
				7DE94B6D2B87591E00C53219 /* Assets.xcassets */,
				7DE94B7A2B875AF700C53219 /* Cells */,
				7DE94B772B875A2600C53219 /* Models */,
				7DE94B6F2B87591E00C53219 /* Preview Content */,
			);
			path = Notes;
			sourceTree = "<group>";
		};
		7DE94B6F2B87591E00C53219 /* Preview Content */ = {
			isa = PBXGroup;
			children = (
				7DE94B702B87591E00C53219 /* Preview Assets.xcassets */,
			);
			path = "Preview Content";
			sourceTree = "<group>";
		};
		7DE94B772B875A2600C53219 /* Models */ = {
			isa = PBXGroup;
			children = (
				7DE94B782B875A5200C53219 /* NoteModel.swift */,
			);
			path = Models;
			sourceTree = "<group>";
		};
		7DE94B7A2B875AF700C53219 /* Cells */ = {
			isa = PBXGroup;
			children = (
				7DE94B7B2B875B1800C53219 /* TitleCell.swift */,
			);
			path = Cells;
			sourceTree = "<group>";
		};
/* End PBXGroup section */

/* Begin PBXNativeTarget section */
		7DE94B652B87591A00C53219 /* Notes */ = {
			isa = PBXNativeTarget;
			buildConfigurationList = 7DE94B742B87591F00C53219 /* Build configuration list for PBXNativeTarget "Notes" */;
			buildPhases = (
				7DE94B622B87591A00C53219 /* Sources */,
				7DE94B632B87591A00C53219 /* Frameworks */,
				7DE94B642B87591A00C53219 /* Resources */,
			);
			buildRules = (
			);
			dependencies = (
			);
			name = Notes;
			packageProductDependencies = (
				7D53A6592B96A52400A7C74A /* Realm */,
				7D53A65B2B96A52400A7C74A /* RealmSwift */,
			);
			productName = Notes;
			productReference = 7DE94B662B87591A00C53219 /* Notes.app */;
			productType = "com.apple.product-type.application";
		};
/* End PBXNativeTarget section */

/* Begin PBXProject section */
		7DE94B5E2B87591A00C53219 /* Project object */ = {
			isa = PBXProject;
			attributes = {
				BuildIndependentTargetsInParallel = 1;
				LastSwiftUpdateCheck = 1520;
				LastUpgradeCheck = 1520;
				TargetAttributes = {
					7DE94B652B87591A00C53219 = {
						CreatedOnToolsVersion = 15.2;
					};
				};
			};
			buildConfigurationList = 7DE94B612B87591A00C53219 /* Build configuration list for PBXProject "Notes" */;
			compatibilityVersion = "Xcode 14.0";
			developmentRegion = en;
			hasScannedForEncodings = 0;
			knownRegions = (
				en,
				Base,
			);
			mainGroup = 7DE94B5D2B87591A00C53219;
			packageReferences = (
				7D53A6582B96A52400A7C74A /* XCRemoteSwiftPackageReference "realm-swift" */,
			);
			productRefGroup = 7DE94B672B87591A00C53219 /* Products */;
			projectDirPath = "";
			projectRoot = "";
			targets = (
				7DE94B652B87591A00C53219 /* Notes */,
			);
		};
/* End PBXProject section */

/* Begin PBXResourcesBuildPhase section */
		7DE94B642B87591A00C53219 /* Resources */ = {
			isa = PBXResourcesBuildPhase;
			buildActionMask = 2147483647;
			files = (
				7DE94B712B87591E00C53219 /* Preview Assets.xcassets in Resources */,
				7DE94B6E2B87591E00C53219 /* Assets.xcassets in Resources */,
			);
			runOnlyForDeploymentPostprocessing = 0;
		};
/* End PBXResourcesBuildPhase section */

/* Begin PBXSourcesBuildPhase section */
		7DE94B622B87591A00C53219 /* Sources */ = {
			isa = PBXSourcesBuildPhase;
			buildActionMask = 2147483647;
			files = (
				7DE94B7C2B875B1800C53219 /* TitleCell.swift in Sources */,
				7D53A6552B967ACE00A7C74A /* TextEditor.swift in Sources */,
				7D53A64C2B933F8100A7C74A /* NoteView.swift in Sources */,
				7DE94B6C2B87591A00C53219 /* MainScreen.swift in Sources */,
				7DE94B792B875A5200C53219 /* NoteModel.swift in Sources */,
				7D53A6512B93F6ED00A7C74A /* ViewModel.swift in Sources */,
				7DE94B6A2B87591A00C53219 /* NotesApp.swift in Sources */,
				7D53A6572B96A3FA00A7C74A /* RealmWorker.swift in Sources */,
			);
			runOnlyForDeploymentPostprocessing = 0;
		};
/* End PBXSourcesBuildPhase section */

/* Begin XCBuildConfiguration section */
		7DE94B722B87591E00C53219 /* Debug */ = {
			isa = XCBuildConfiguration;
			buildSettings = {
				ALWAYS_SEARCH_USER_PATHS = NO;
				ASSETCATALOG_COMPILER_GENERATE_SWIFT_ASSET_SYMBOL_EXTENSIONS = YES;
				CLANG_ANALYZER_NONNULL = YES;
				CLANG_ANALYZER_NUMBER_OBJECT_CONVERSION = YES_AGGRESSIVE;
				CLANG_CXX_LANGUAGE_STANDARD = "gnu++20";
				CLANG_ENABLE_MODULES = YES;
				CLANG_ENABLE_OBJC_ARC = YES;
				CLANG_ENABLE_OBJC_WEAK = YES;
				CLANG_WARN_BLOCK_CAPTURE_AUTORELEASING = YES;
				CLANG_WARN_BOOL_CONVERSION = YES;
				CLANG_WARN_COMMA = YES;
				CLANG_WARN_CONSTANT_CONVERSION = YES;
				CLANG_WARN_DEPRECATED_OBJC_IMPLEMENTATIONS = YES;
				CLANG_WARN_DIRECT_OBJC_ISA_USAGE = YES_ERROR;
				CLANG_WARN_DOCUMENTATION_COMMENTS = YES;
				CLANG_WARN_EMPTY_BODY = YES;
				CLANG_WARN_ENUM_CONVERSION = YES;
				CLANG_WARN_INFINITE_RECURSION = YES;
				CLANG_WARN_INT_CONVERSION = YES;
				CLANG_WARN_NON_LITERAL_NULL_CONVERSION = YES;
				CLANG_WARN_OBJC_IMPLICIT_RETAIN_SELF = YES;
				CLANG_WARN_OBJC_LITERAL_CONVERSION = YES;
				CLANG_WARN_OBJC_ROOT_CLASS = YES_ERROR;
				CLANG_WARN_QUOTED_INCLUDE_IN_FRAMEWORK_HEADER = YES;
				CLANG_WARN_RANGE_LOOP_ANALYSIS = YES;
				CLANG_WARN_STRICT_PROTOTYPES = YES;
				CLANG_WARN_SUSPICIOUS_MOVE = YES;
				CLANG_WARN_UNGUARDED_AVAILABILITY = YES_AGGRESSIVE;
				CLANG_WARN_UNREACHABLE_CODE = YES;
				CLANG_WARN__DUPLICATE_METHOD_MATCH = YES;
				COPY_PHASE_STRIP = NO;
				DEBUG_INFORMATION_FORMAT = dwarf;
				ENABLE_STRICT_OBJC_MSGSEND = YES;
				ENABLE_TESTABILITY = YES;
				ENABLE_USER_SCRIPT_SANDBOXING = YES;
				GCC_C_LANGUAGE_STANDARD = gnu17;
				GCC_DYNAMIC_NO_PIC = NO;
				GCC_NO_COMMON_BLOCKS = YES;
				GCC_OPTIMIZATION_LEVEL = 0;
				GCC_PREPROCESSOR_DEFINITIONS = (
					"DEBUG=1",
					"$(inherited)",
				);
				GCC_WARN_64_TO_32_BIT_CONVERSION = YES;
				GCC_WARN_ABOUT_RETURN_TYPE = YES_ERROR;
				GCC_WARN_UNDECLARED_SELECTOR = YES;
				GCC_WARN_UNINITIALIZED_AUTOS = YES_AGGRESSIVE;
				GCC_WARN_UNUSED_FUNCTION = YES;
				GCC_WARN_UNUSED_VARIABLE = YES;
				IPHONEOS_DEPLOYMENT_TARGET = 17.2;
				LOCALIZATION_PREFERS_STRING_CATALOGS = YES;
				MTL_ENABLE_DEBUG_INFO = INCLUDE_SOURCE;
				MTL_FAST_MATH = YES;
				ONLY_ACTIVE_ARCH = YES;
				SDKROOT = iphoneos;
				SWIFT_ACTIVE_COMPILATION_CONDITIONS = "DEBUG $(inherited)";
				SWIFT_OPTIMIZATION_LEVEL = "-Onone";
			};
			name = Debug;
		};
		7DE94B732B87591E00C53219 /* Release */ = {
			isa = XCBuildConfiguration;
			buildSettings = {
				ALWAYS_SEARCH_USER_PATHS = NO;
				ASSETCATALOG_COMPILER_GENERATE_SWIFT_ASSET_SYMBOL_EXTENSIONS = YES;
				CLANG_ANALYZER_NONNULL = YES;
				CLANG_ANALYZER_NUMBER_OBJECT_CONVERSION = YES_AGGRESSIVE;
				CLANG_CXX_LANGUAGE_STANDARD = "gnu++20";
				CLANG_ENABLE_MODULES = YES;
				CLANG_ENABLE_OBJC_ARC = YES;
				CLANG_ENABLE_OBJC_WEAK = YES;
				CLANG_WARN_BLOCK_CAPTURE_AUTORELEASING = YES;
				CLANG_WARN_BOOL_CONVERSION = YES;
				CLANG_WARN_COMMA = YES;
				CLANG_WARN_CONSTANT_CONVERSION = YES;
				CLANG_WARN_DEPRECATED_OBJC_IMPLEMENTATIONS = YES;
				CLANG_WARN_DIRECT_OBJC_ISA_USAGE = YES_ERROR;
				CLANG_WARN_DOCUMENTATION_COMMENTS = YES;
				CLANG_WARN_EMPTY_BODY = YES;
				CLANG_WARN_ENUM_CONVERSION = YES;
				CLANG_WARN_INFINITE_RECURSION = YES;
				CLANG_WARN_INT_CONVERSION = YES;
				CLANG_WARN_NON_LITERAL_NULL_CONVERSION = YES;
				CLANG_WARN_OBJC_IMPLICIT_RETAIN_SELF = YES;
				CLANG_WARN_OBJC_LITERAL_CONVERSION = YES;
				CLANG_WARN_OBJC_ROOT_CLASS = YES_ERROR;
				CLANG_WARN_QUOTED_INCLUDE_IN_FRAMEWORK_HEADER = YES;
				CLANG_WARN_RANGE_LOOP_ANALYSIS = YES;
				CLANG_WARN_STRICT_PROTOTYPES = YES;
				CLANG_WARN_SUSPICIOUS_MOVE = YES;
				CLANG_WARN_UNGUARDED_AVAILABILITY = YES_AGGRESSIVE;
				CLANG_WARN_UNREACHABLE_CODE = YES;
				CLANG_WARN__DUPLICATE_METHOD_MATCH = YES;
				COPY_PHASE_STRIP = NO;
				DEBUG_INFORMATION_FORMAT = "dwarf-with-dsym";
				ENABLE_NS_ASSERTIONS = NO;
				ENABLE_STRICT_OBJC_MSGSEND = YES;
				ENABLE_USER_SCRIPT_SANDBOXING = YES;
				GCC_C_LANGUAGE_STANDARD = gnu17;
				GCC_NO_COMMON_BLOCKS = YES;
				GCC_WARN_64_TO_32_BIT_CONVERSION = YES;
				GCC_WARN_ABOUT_RETURN_TYPE = YES_ERROR;
				GCC_WARN_UNDECLARED_SELECTOR = YES;
				GCC_WARN_UNINITIALIZED_AUTOS = YES_AGGRESSIVE;
				GCC_WARN_UNUSED_FUNCTION = YES;
				GCC_WARN_UNUSED_VARIABLE = YES;
				IPHONEOS_DEPLOYMENT_TARGET = 17.2;
				LOCALIZATION_PREFERS_STRING_CATALOGS = YES;
				MTL_ENABLE_DEBUG_INFO = NO;
				MTL_FAST_MATH = YES;
				SDKROOT = iphoneos;
				SWIFT_COMPILATION_MODE = wholemodule;
				VALIDATE_PRODUCT = YES;
			};
			name = Release;
		};
		7DE94B752B87591F00C53219 /* Debug */ = {
			isa = XCBuildConfiguration;
			buildSettings = {
				ASSETCATALOG_COMPILER_APPICON_NAME = AppIcon;
				ASSETCATALOG_COMPILER_GLOBAL_ACCENT_COLOR_NAME = AccentColor;
				CODE_SIGN_STYLE = Automatic;
				CURRENT_PROJECT_VERSION = 1;
				DEVELOPMENT_ASSET_PATHS = "\"Notes/Preview Content\"";
				DEVELOPMENT_TEAM = U35946W2F2;
				ENABLE_PREVIEWS = YES;
				GENERATE_INFOPLIST_FILE = YES;
				INFOPLIST_KEY_UIApplicationSceneManifest_Generation = YES;
				INFOPLIST_KEY_UIApplicationSupportsIndirectInputEvents = YES;
				INFOPLIST_KEY_UILaunchScreen_Generation = YES;
				INFOPLIST_KEY_UISupportedInterfaceOrientations_iPad = "UIInterfaceOrientationPortrait UIInterfaceOrientationPortraitUpsideDown UIInterfaceOrientationLandscapeLeft UIInterfaceOrientationLandscapeRight";
				INFOPLIST_KEY_UISupportedInterfaceOrientations_iPhone = "UIInterfaceOrientationPortrait UIInterfaceOrientationLandscapeLeft UIInterfaceOrientationLandscapeRight";
				LD_RUNPATH_SEARCH_PATHS = (
					"$(inherited)",
					"@executable_path/Frameworks",
				);
				MARKETING_VERSION = 1.0;
				PRODUCT_BUNDLE_IDENTIFIER = mitsoStudent.Notes;
				PRODUCT_NAME = "$(TARGET_NAME)";
				SWIFT_EMIT_LOC_STRINGS = YES;
				SWIFT_VERSION = 5.0;
				TARGETED_DEVICE_FAMILY = "1,2";
			};
			name = Debug;
		};
		7DE94B762B87591F00C53219 /* Release */ = {
			isa = XCBuildConfiguration;
			buildSettings = {
				ASSETCATALOG_COMPILER_APPICON_NAME = AppIcon;
				ASSETCATALOG_COMPILER_GLOBAL_ACCENT_COLOR_NAME = AccentColor;
				CODE_SIGN_STYLE = Automatic;
				CURRENT_PROJECT_VERSION = 1;
				DEVELOPMENT_ASSET_PATHS = "\"Notes/Preview Content\"";
				DEVELOPMENT_TEAM = U35946W2F2;
				ENABLE_PREVIEWS = YES;
				GENERATE_INFOPLIST_FILE = YES;
				INFOPLIST_KEY_UIApplicationSceneManifest_Generation = YES;
				INFOPLIST_KEY_UIApplicationSupportsIndirectInputEvents = YES;
				INFOPLIST_KEY_UILaunchScreen_Generation = YES;
				INFOPLIST_KEY_UISupportedInterfaceOrientations_iPad = "UIInterfaceOrientationPortrait UIInterfaceOrientationPortraitUpsideDown UIInterfaceOrientationLandscapeLeft UIInterfaceOrientationLandscapeRight";
				INFOPLIST_KEY_UISupportedInterfaceOrientations_iPhone = "UIInterfaceOrientationPortrait UIInterfaceOrientationLandscapeLeft UIInterfaceOrientationLandscapeRight";
				LD_RUNPATH_SEARCH_PATHS = (
					"$(inherited)",
					"@executable_path/Frameworks",
				);
				MARKETING_VERSION = 1.0;
				PRODUCT_BUNDLE_IDENTIFIER = mitsoStudent.Notes;
				PRODUCT_NAME = "$(TARGET_NAME)";
				SWIFT_EMIT_LOC_STRINGS = YES;
				SWIFT_VERSION = 5.0;
				TARGETED_DEVICE_FAMILY = "1,2";
			};
			name = Release;
		};
/* End XCBuildConfiguration section */

/* Begin XCConfigurationList section */
		7DE94B612B87591A00C53219 /* Build configuration list for PBXProject "Notes" */ = {
			isa = XCConfigurationList;
			buildConfigurations = (
				7DE94B722B87591E00C53219 /* Debug */,
				7DE94B732B87591E00C53219 /* Release */,
			);
			defaultConfigurationIsVisible = 0;
			defaultConfigurationName = Release;
		};
		7DE94B742B87591F00C53219 /* Build configuration list for PBXNativeTarget "Notes" */ = {
			isa = XCConfigurationList;
			buildConfigurations = (
				7DE94B752B87591F00C53219 /* Debug */,
				7DE94B762B87591F00C53219 /* Release */,
			);
			defaultConfigurationIsVisible = 0;
			defaultConfigurationName = Release;
		};
/* End XCConfigurationList section */

/* Begin XCRemoteSwiftPackageReference section */
		7D53A6582B96A52400A7C74A /* XCRemoteSwiftPackageReference "realm-swift" */ = {
			isa = XCRemoteSwiftPackageReference;
			repositoryURL = "https://github.com/realm/realm-swift.git";
			requirement = {
				branch = master;
				kind = branch;
			};
		};
/* End XCRemoteSwiftPackageReference section */

/* Begin XCSwiftPackageProductDependency section */
		7D53A6592B96A52400A7C74A /* Realm */ = {
			isa = XCSwiftPackageProductDependency;
			package = 7D53A6582B96A52400A7C74A /* XCRemoteSwiftPackageReference "realm-swift" */;
			productName = Realm;
		};
		7D53A65B2B96A52400A7C74A /* RealmSwift */ = {
			isa = XCSwiftPackageProductDependency;
			package = 7D53A6582B96A52400A7C74A /* XCRemoteSwiftPackageReference "realm-swift" */;
			productName = RealmSwift;
		};
/* End XCSwiftPackageProductDependency section */
	};
	rootObject = 7DE94B5E2B87591A00C53219 /* Project object */;
}
